
Microsoft Visual Studio Solution File, Format Version 12.00
# Visual Studio Version 17
VisualStudioVersion = 17.4.33213.308
MinimumVisualStudioVersion = 10.0.40219.1
Project("{FAE04EC0-301F-11D3-BF4B-00C04F79EFBC}") = "Pizzeria", "Pizzeria\Pizzeria.csproj", "{8E55CC24-FC2F-4510-B6C6-C24C8EF63432}"
EndProject
Global
	GlobalSection(SolutionConfigurationPlatforms) = preSolution
		Debug|Any CPU = Debug|Any CPU
		Release|Any CPU = Release|Any CPU
	EndGlobalSection
	GlobalSection(ProjectConfigurationPlatforms) = postSolution
		{8E55CC24-FC2F-4510-B6C6-C24C8EF63432}.Debug|Any CPU.ActiveCfg = Debug|Any CPU
		{8E55CC24-FC2F-4510-B6C6-C24C8EF63432}.Debug|Any CPU.Build.0 = Debug|Any CPU
		{8E55CC24-FC2F-4510-B6C6-C24C8EF63432}.Release|Any CPU.ActiveCfg = Release|Any CPU
		{8E55CC24-FC2F-4510-B6C6-C24C8EF63432}.Release|Any CPU.Build.0 = Release|Any CPU
	EndGlobalSection
	GlobalSection(SolutionProperties) = preSolution
		HideSolutionNode = FALSE
	EndGlobalSection
	GlobalSection(ExtensibilityGlobals) = postSolution
		SolutionGuid = {C7CAF560-2D90-4674-8F51-DFC11FBFA90A}
	EndGlobalSection
EndGlobal
